
Microsoft Visual Studio Solution File, Format Version 12.00
# Visual Studio Version 17
VisualStudioVersion = 17.14.36414.22 d17.14
MinimumVisualStudioVersion = 10.0.40219.1
Project("{FAE04EC0-301F-11D3-BF4B-00C04F79EFBC}") = "PortalDenuncias.Rosales", "PortalDenuncias.Rosales\PortalDenuncias.Rosales.csproj", "{EFB47530-D13B-4FFC-8339-69D3E73DAD9D}"
EndProject
Global
	GlobalSection(SolutionConfigurationPlatforms) = preSolution
		Debug|Any CPU = Debug|Any CPU
		Release|Any CPU = Release|Any CPU
	EndGlobalSection
	GlobalSection(ProjectConfigurationPlatforms) = postSolution
		{EFB47530-D13B-4FFC-8339-69D3E73DAD9D}.Debug|Any CPU.ActiveCfg = Debug|Any CPU
		{EFB47530-D13B-4FFC-8339-69D3E73DAD9D}.Debug|Any CPU.Build.0 = Debug|Any CPU
		{EFB47530-D13B-4FFC-8339-69D3E73DAD9D}.Release|Any CPU.ActiveCfg = Release|Any CPU
		{EFB47530-D13B-4FFC-8339-69D3E73DAD9D}.Release|Any CPU.Build.0 = Release|Any CPU
	EndGlobalSection
	GlobalSection(SolutionProperties) = preSolution
		HideSolutionNode = FALSE
	EndGlobalSection
	GlobalSection(ExtensibilityGlobals) = postSolution
		SolutionGuid = {4D9AC3B8-B39B-4888-8065-21EC78E0EB69}
	EndGlobalSection
EndGlobal
